
Microsoft Visual Studio Solution File, Format Version 12.00
# Visual Studio 15
VisualStudioVersion = 15.0.28307.572
MinimumVisualStudioVersion = 10.0.40219.1
Project("{FAE04EC0-301F-11D3-BF4B-00C04F79EFBC}") = "JSON assignment", "JSON assignment\JSON assignment.csproj", "{572E7E4B-91A2-42DA-877E-E5276278EC58}"
EndProject
Global
	GlobalSection(SolutionConfigurationPlatforms) = preSolution
		Debug|Any CPU = Debug|Any CPU
		Release|Any CPU = Release|Any CPU
	EndGlobalSection
	GlobalSection(ProjectConfigurationPlatforms) = postSolution
		{572E7E4B-91A2-42DA-877E-E5276278EC58}.Debug|Any CPU.ActiveCfg = Debug|Any CPU
		{572E7E4B-91A2-42DA-877E-E5276278EC58}.Debug|Any CPU.Build.0 = Debug|Any CPU
		{572E7E4B-91A2-42DA-877E-E5276278EC58}.Release|Any CPU.ActiveCfg = Release|Any CPU
		{572E7E4B-91A2-42DA-877E-E5276278EC58}.Release|Any CPU.Build.0 = Release|Any CPU
	EndGlobalSection
	GlobalSection(SolutionProperties) = preSolution
		HideSolutionNode = FALSE
	EndGlobalSection
	GlobalSection(ExtensibilityGlobals) = postSolution
		SolutionGuid = {AFA916C2-F7C1-4F19-A3FA-BD86908C31C6}
	EndGlobalSection
EndGlobal
